// !$*UTF8*$!
{
	archiveVersion = 1;
	classes = {
	};
	objectVersion = 46;
	objects = {

/* Begin PBXBuildFile section */
		029035C022338343B08B0FF5 /* Pods_SmappTests.framework in Frameworks */ = {isa = PBXBuildFile; fileRef = B47BB52F436E357921D725D5 /* Pods_SmappTests.framework */; };
		0F135CC760721A7431780797 /* Pods_Smapp.framework in Frameworks */ = {isa = PBXBuildFile; fileRef = 2D6B33BD6CBE610B2259B34E /* Pods_Smapp.framework */; };
		6331B0C854509AE3AD016F4C /* Pods_SmappUITests.framework in Frameworks */ = {isa = PBXBuildFile; fileRef = F76CBEB6194053CBF21A8794 /* Pods_SmappUITests.framework */; };
		B53B6D741E1F48730007F521 /* PostViewController.swift in Sources */ = {isa = PBXBuildFile; fileRef = B53B6D731E1F48730007F521 /* PostViewController.swift */; };
		B5E156801E1DDCE900858C99 /* AppDelegate.swift in Sources */ = {isa = PBXBuildFile; fileRef = B5E1567F1E1DDCE900858C99 /* AppDelegate.swift */; };
		B5E156821E1DDCE900858C99 /* ViewController.swift in Sources */ = {isa = PBXBuildFile; fileRef = B5E156811E1DDCE900858C99 /* ViewController.swift */; };
		B5E156851E1DDCE900858C99 /* Main.storyboard in Resources */ = {isa = PBXBuildFile; fileRef = B5E156831E1DDCE900858C99 /* Main.storyboard */; };
		B5E156871E1DDCE900858C99 /* Assets.xcassets in Resources */ = {isa = PBXBuildFile; fileRef = B5E156861E1DDCE900858C99 /* Assets.xcassets */; };
		B5E1568A1E1DDCE900858C99 /* LaunchScreen.storyboard in Resources */ = {isa = PBXBuildFile; fileRef = B5E156881E1DDCE900858C99 /* LaunchScreen.storyboard */; };
		B5E156951E1DDCEA00858C99 /* SmappTests.swift in Sources */ = {isa = PBXBuildFile; fileRef = B5E156941E1DDCEA00858C99 /* SmappTests.swift */; };
		B5E156A01E1DDCEA00858C99 /* SmappUITests.swift in Sources */ = {isa = PBXBuildFile; fileRef = B5E1569F1E1DDCEA00858C99 /* SmappUITests.swift */; };
		B5E156AE1E1DDD8300858C99 /* GoogleService-Info.plist in Resources */ = {isa = PBXBuildFile; fileRef = B5E156AD1E1DDD8300858C99 /* GoogleService-Info.plist */; };
		B5E156B01E1DF66800858C99 /* RegisterViewController.swift in Sources */ = {isa = PBXBuildFile; fileRef = B5E156AF1E1DF66800858C99 /* RegisterViewController.swift */; };
/* End PBXBuildFile section */

/* Begin PBXContainerItemProxy section */
		B5E156911E1DDCEA00858C99 /* PBXContainerItemProxy */ = {
			isa = PBXContainerItemProxy;
			containerPortal = B5E156741E1DDCE800858C99 /* Project object */;
			proxyType = 1;
			remoteGlobalIDString = B5E1567B1E1DDCE900858C99;
			remoteInfo = Smapp;
		};
		B5E1569C1E1DDCEA00858C99 /* PBXContainerItemProxy */ = {
			isa = PBXContainerItemProxy;
			containerPortal = B5E156741E1DDCE800858C99 /* Project object */;
			proxyType = 1;
			remoteGlobalIDString = B5E1567B1E1DDCE900858C99;
			remoteInfo = Smapp;
		};
/* End PBXContainerItemProxy section */

/* Begin PBXFileReference section */
		2C67D391BBEC4CA8BEC6AA37 /* Pods-SmappTests.release.xcconfig */ = {isa = PBXFileReference; includeInIndex = 1; lastKnownFileType = text.xcconfig; name = "Pods-SmappTests.release.xcconfig"; path = "Pods/Target Support Files/Pods-SmappTests/Pods-SmappTests.release.xcconfig"; sourceTree = "<group>"; };
		2D6B33BD6CBE610B2259B34E /* Pods_Smapp.framework */ = {isa = PBXFileReference; explicitFileType = wrapper.framework; includeInIndex = 0; path = Pods_Smapp.framework; sourceTree = BUILT_PRODUCTS_DIR; };
		4280A5BE52DBEF91D72235FB /* Pods-Smapp.release.xcconfig */ = {isa = PBXFileReference; includeInIndex = 1; lastKnownFileType = text.xcconfig; name = "Pods-Smapp.release.xcconfig"; path = "Pods/Target Support Files/Pods-Smapp/Pods-Smapp.release.xcconfig"; sourceTree = "<group>"; };
		4DD0A86386BA818AC377AECF /* Pods-SmappTests.debug.xcconfig */ = {isa = PBXFileReference; includeInIndex = 1; lastKnownFileType = text.xcconfig; name = "Pods-SmappTests.debug.xcconfig"; path = "Pods/Target Support Files/Pods-SmappTests/Pods-SmappTests.debug.xcconfig"; sourceTree = "<group>"; };
		4FBAA4DD7FFE4320817D3F04 /* Pods-SmappUITests.debug.xcconfig */ = {isa = PBXFileReference; includeInIndex = 1; lastKnownFileType = text.xcconfig; name = "Pods-SmappUITests.debug.xcconfig"; path = "Pods/Target Support Files/Pods-SmappUITests/Pods-SmappUITests.debug.xcconfig"; sourceTree = "<group>"; };
		876BCC59CBB2E7BFD858D980 /* Pods-Smapp.debug.xcconfig */ = {isa = PBXFileReference; includeInIndex = 1; lastKnownFileType = text.xcconfig; name = "Pods-Smapp.debug.xcconfig"; path = "Pods/Target Support Files/Pods-Smapp/Pods-Smapp.debug.xcconfig"; sourceTree = "<group>"; };
		B47BB52F436E357921D725D5 /* Pods_SmappTests.framework */ = {isa = PBXFileReference; explicitFileType = wrapper.framework; includeInIndex = 0; path = Pods_SmappTests.framework; sourceTree = BUILT_PRODUCTS_DIR; };
		B53B6D731E1F48730007F521 /* PostViewController.swift */ = {isa = PBXFileReference; fileEncoding = 4; lastKnownFileType = sourcecode.swift; path = PostViewController.swift; sourceTree = "<group>"; };
		B5E1567C1E1DDCE900858C99 /* Smapp.app */ = {isa = PBXFileReference; explicitFileType = wrapper.application; includeInIndex = 0; path = Smapp.app; sourceTree = BUILT_PRODUCTS_DIR; };
		B5E1567F1E1DDCE900858C99 /* AppDelegate.swift */ = {isa = PBXFileReference; lastKnownFileType = sourcecode.swift; path = AppDelegate.swift; sourceTree = "<group>"; };
		B5E156811E1DDCE900858C99 /* ViewController.swift */ = {isa = PBXFileReference; lastKnownFileType = sourcecode.swift; path = ViewController.swift; sourceTree = "<group>"; };
		B5E156841E1DDCE900858C99 /* Base */ = {isa = PBXFileReference; lastKnownFileType = file.storyboard; name = Base; path = Base.lproj/Main.storyboard; sourceTree = "<group>"; };
		B5E156861E1DDCE900858C99 /* Assets.xcassets */ = {isa = PBXFileReference; lastKnownFileType = folder.assetcatalog; path = Assets.xcassets; sourceTree = "<group>"; };
		B5E156891E1DDCE900858C99 /* Base */ = {isa = PBXFileReference; lastKnownFileType = file.storyboard; name = Base; path = Base.lproj/LaunchScreen.storyboard; sourceTree = "<group>"; };
		B5E1568B1E1DDCE900858C99 /* Info.plist */ = {isa = PBXFileReference; lastKnownFileType = text.plist.xml; path = Info.plist; sourceTree = "<group>"; };
		B5E156901E1DDCEA00858C99 /* SmappTests.xctest */ = {isa = PBXFileReference; explicitFileType = wrapper.cfbundle; includeInIndex = 0; path = SmappTests.xctest; sourceTree = BUILT_PRODUCTS_DIR; };
		B5E156941E1DDCEA00858C99 /* SmappTests.swift */ = {isa = PBXFileReference; lastKnownFileType = sourcecode.swift; path = SmappTests.swift; sourceTree = "<group>"; };
		B5E156961E1DDCEA00858C99 /* Info.plist */ = {isa = PBXFileReference; lastKnownFileType = text.plist.xml; path = Info.plist; sourceTree = "<group>"; };
		B5E1569B1E1DDCEA00858C99 /* SmappUITests.xctest */ = {isa = PBXFileReference; explicitFileType = wrapper.cfbundle; includeInIndex = 0; path = SmappUITests.xctest; sourceTree = BUILT_PRODUCTS_DIR; };
		B5E1569F1E1DDCEA00858C99 /* SmappUITests.swift */ = {isa = PBXFileReference; lastKnownFileType = sourcecode.swift; path = SmappUITests.swift; sourceTree = "<group>"; };
		B5E156A11E1DDCEA00858C99 /* Info.plist */ = {isa = PBXFileReference; lastKnownFileType = text.plist.xml; path = Info.plist; sourceTree = "<group>"; };
		B5E156AD1E1DDD8300858C99 /* GoogleService-Info.plist */ = {isa = PBXFileReference; fileEncoding = 4; lastKnownFileType = text.plist.xml; path = "GoogleService-Info.plist"; sourceTree = "<group>"; };
		B5E156AF1E1DF66800858C99 /* RegisterViewController.swift */ = {isa = PBXFileReference; fileEncoding = 4; lastKnownFileType = sourcecode.swift; path = RegisterViewController.swift; sourceTree = "<group>"; };
		ECBB16334E3AB83FB5462AC2 /* Pods-SmappUITests.release.xcconfig */ = {isa = PBXFileReference; includeInIndex = 1; lastKnownFileType = text.xcconfig; name = "Pods-SmappUITests.release.xcconfig"; path = "Pods/Target Support Files/Pods-SmappUITests/Pods-SmappUITests.release.xcconfig"; sourceTree = "<group>"; };
		F76CBEB6194053CBF21A8794 /* Pods_SmappUITests.framework */ = {isa = PBXFileReference; explicitFileType = wrapper.framework; includeInIndex = 0; path = Pods_SmappUITests.framework; sourceTree = BUILT_PRODUCTS_DIR; };
/* End PBXFileReference section */

/* Begin PBXFrameworksBuildPhase section */
		B5E156791E1DDCE900858C99 /* Frameworks */ = {
			isa = PBXFrameworksBuildPhase;
			buildActionMask = 2147483647;
			files = (
				0F135CC760721A7431780797 /* Pods_Smapp.framework in Frameworks */,
			);
			runOnlyForDeploymentPostprocessing = 0;
		};
		B5E1568D1E1DDCEA00858C99 /* Frameworks */ = {
			isa = PBXFrameworksBuildPhase;
			buildActionMask = 2147483647;
			files = (
				029035C022338343B08B0FF5 /* Pods_SmappTests.framework in Frameworks */,
			);
			runOnlyForDeploymentPostprocessing = 0;
		};
		B5E156981E1DDCEA00858C99 /* Frameworks */ = {
			isa = PBXFrameworksBuildPhase;
			buildActionMask = 2147483647;
			files = (
				6331B0C854509AE3AD016F4C /* Pods_SmappUITests.framework in Frameworks */,
			);
			runOnlyForDeploymentPostprocessing = 0;
		};
/* End PBXFrameworksBuildPhase section */

/* Begin PBXGroup section */
		761C3C0F98BA2C722E1C761A /* Pods */ = {
			isa = PBXGroup;
			children = (
				876BCC59CBB2E7BFD858D980 /* Pods-Smapp.debug.xcconfig */,
				4280A5BE52DBEF91D72235FB /* Pods-Smapp.release.xcconfig */,
				4DD0A86386BA818AC377AECF /* Pods-SmappTests.debug.xcconfig */,
				2C67D391BBEC4CA8BEC6AA37 /* Pods-SmappTests.release.xcconfig */,
				4FBAA4DD7FFE4320817D3F04 /* Pods-SmappUITests.debug.xcconfig */,
				ECBB16334E3AB83FB5462AC2 /* Pods-SmappUITests.release.xcconfig */,
			);
			name = Pods;
			sourceTree = "<group>";
		};
		86E38CDE2E733F53CC819833 /* Frameworks */ = {
			isa = PBXGroup;
			children = (
				2D6B33BD6CBE610B2259B34E /* Pods_Smapp.framework */,
				B47BB52F436E357921D725D5 /* Pods_SmappTests.framework */,
				F76CBEB6194053CBF21A8794 /* Pods_SmappUITests.framework */,
			);
			name = Frameworks;
			sourceTree = "<group>";
		};
		B5E156731E1DDCE800858C99 = {
			isa = PBXGroup;
			children = (
				B5E1567E1E1DDCE900858C99 /* Smapp */,
				B5E156931E1DDCEA00858C99 /* SmappTests */,
				B5E1569E1E1DDCEA00858C99 /* SmappUITests */,
				B5E1567D1E1DDCE900858C99 /* Products */,
				761C3C0F98BA2C722E1C761A /* Pods */,
				86E38CDE2E733F53CC819833 /* Frameworks */,
			);
			sourceTree = "<group>";
		};
		B5E1567D1E1DDCE900858C99 /* Products */ = {
			isa = PBXGroup;
			children = (
				B5E1567C1E1DDCE900858C99 /* Smapp.app */,
				B5E156901E1DDCEA00858C99 /* SmappTests.xctest */,
				B5E1569B1E1DDCEA00858C99 /* SmappUITests.xctest */,
			);
			name = Products;
			sourceTree = "<group>";
		};
		B5E1567E1E1DDCE900858C99 /* Smapp */ = {
			isa = PBXGroup;
			children = (
				B5E1567F1E1DDCE900858C99 /* AppDelegate.swift */,
				B5E156811E1DDCE900858C99 /* ViewController.swift */,
				B53B6D731E1F48730007F521 /* PostViewController.swift */,
				B5E156AF1E1DF66800858C99 /* RegisterViewController.swift */,
				B5E156831E1DDCE900858C99 /* Main.storyboard */,
				B5E156861E1DDCE900858C99 /* Assets.xcassets */,
				B5E156881E1DDCE900858C99 /* LaunchScreen.storyboard */,
				B5E156AD1E1DDD8300858C99 /* GoogleService-Info.plist */,
				B5E1568B1E1DDCE900858C99 /* Info.plist */,
			);
			path = Smapp;
			sourceTree = "<group>";
		};
		B5E156931E1DDCEA00858C99 /* SmappTests */ = {
			isa = PBXGroup;
			children = (
				B5E156941E1DDCEA00858C99 /* SmappTests.swift */,
				B5E156961E1DDCEA00858C99 /* Info.plist */,
			);
			path = SmappTests;
			sourceTree = "<group>";
		};
		B5E1569E1E1DDCEA00858C99 /* SmappUITests */ = {
			isa = PBXGroup;
			children = (
				B5E1569F1E1DDCEA00858C99 /* SmappUITests.swift */,
				B5E156A11E1DDCEA00858C99 /* Info.plist */,
			);
			path = SmappUITests;
			sourceTree = "<group>";
		};
/* End PBXGroup section */

/* Begin PBXNativeTarget section */
		B5E1567B1E1DDCE900858C99 /* Smapp */ = {
			isa = PBXNativeTarget;
			buildConfigurationList = B5E156A41E1DDCEA00858C99 /* Build configuration list for PBXNativeTarget "Smapp" */;
			buildPhases = (
				C453BA625345F7B9E80C7E31 /* [CP] Check Pods Manifest.lock */,
				B5E156781E1DDCE900858C99 /* Sources */,
				B5E156791E1DDCE900858C99 /* Frameworks */,
				B5E1567A1E1DDCE900858C99 /* Resources */,
				5F4A3032017121377BFC3E9F /* [CP] Embed Pods Frameworks */,
				530F7EA92EEBAAEC3CB81A04 /* [CP] Copy Pods Resources */,
			);
			buildRules = (
			);
			dependencies = (
			);
			name = Smapp;
			productName = Smapp;
			productReference = B5E1567C1E1DDCE900858C99 /* Smapp.app */;
			productType = "com.apple.product-type.application";
		};
		B5E1568F1E1DDCEA00858C99 /* SmappTests */ = {
			isa = PBXNativeTarget;
			buildConfigurationList = B5E156A71E1DDCEA00858C99 /* Build configuration list for PBXNativeTarget "SmappTests" */;
			buildPhases = (
				5E766293B916664EBE111989 /* [CP] Check Pods Manifest.lock */,
				B5E1568C1E1DDCEA00858C99 /* Sources */,
				B5E1568D1E1DDCEA00858C99 /* Frameworks */,
				B5E1568E1E1DDCEA00858C99 /* Resources */,
				2EC9BD191A595D8E2D605E61 /* [CP] Embed Pods Frameworks */,
				D3F89BBD4D7378E35988B2B0 /* [CP] Copy Pods Resources */,
			);
			buildRules = (
			);
			dependencies = (
				B5E156921E1DDCEA00858C99 /* PBXTargetDependency */,
			);
			name = SmappTests;
			productName = SmappTests;
			productReference = B5E156901E1DDCEA00858C99 /* SmappTests.xctest */;
			productType = "com.apple.product-type.bundle.unit-test";
		};
		B5E1569A1E1DDCEA00858C99 /* SmappUITests */ = {
			isa = PBXNativeTarget;
			buildConfigurationList = B5E156AA1E1DDCEA00858C99 /* Build configuration list for PBXNativeTarget "SmappUITests" */;
			buildPhases = (
				5DC77B475C86F5B6DCADB635 /* [CP] Check Pods Manifest.lock */,
				B5E156971E1DDCEA00858C99 /* Sources */,
				B5E156981E1DDCEA00858C99 /* Frameworks */,
				B5E156991E1DDCEA00858C99 /* Resources */,
				E73FC2C2AEF2883C9966472D /* [CP] Embed Pods Frameworks */,
				3BC2F7CA535A7B9465AFC443 /* [CP] Copy Pods Resources */,
			);
			buildRules = (
			);
			dependencies = (
				B5E1569D1E1DDCEA00858C99 /* PBXTargetDependency */,
			);
			name = SmappUITests;
			productName = SmappUITests;
			productReference = B5E1569B1E1DDCEA00858C99 /* SmappUITests.xctest */;
			productType = "com.apple.product-type.bundle.ui-testing";
		};
/* End PBXNativeTarget section */

/* Begin PBXProject section */
		B5E156741E1DDCE800858C99 /* Project object */ = {
			isa = PBXProject;
			attributes = {
				LastSwiftUpdateCheck = 0820;
				LastUpgradeCheck = 0820;
				ORGANIZATIONNAME = "Ben Mesnik";
				TargetAttributes = {
					B5E1567B1E1DDCE900858C99 = {
						CreatedOnToolsVersion = 8.2.1;
						DevelopmentTeam = J4X3929H2H;
						ProvisioningStyle = Automatic;
					};
					B5E1568F1E1DDCEA00858C99 = {
						CreatedOnToolsVersion = 8.2.1;
						ProvisioningStyle = Automatic;
						TestTargetID = B5E1567B1E1DDCE900858C99;
					};
					B5E1569A1E1DDCEA00858C99 = {
						CreatedOnToolsVersion = 8.2.1;
						ProvisioningStyle = Automatic;
						TestTargetID = B5E1567B1E1DDCE900858C99;
					};
				};
			};
			buildConfigurationList = B5E156771E1DDCE800858C99 /* Build configuration list for PBXProject "Smapp" */;
			compatibilityVersion = "Xcode 3.2";
			developmentRegion = English;
			hasScannedForEncodings = 0;
			knownRegions = (
				en,
				Base,
			);
			mainGroup = B5E156731E1DDCE800858C99;
			productRefGroup = B5E1567D1E1DDCE900858C99 /* Products */;
			projectDirPath = "";
			projectRoot = "";
			targets = (
				B5E1567B1E1DDCE900858C99 /* Smapp */,
				B5E1568F1E1DDCEA00858C99 /* SmappTests */,
				B5E1569A1E1DDCEA00858C99 /* SmappUITests */,
			);
		};
/* End PBXProject section */

/* Begin PBXResourcesBuildPhase section */
		B5E1567A1E1DDCE900858C99 /* Resources */ = {
			isa = PBXResourcesBuildPhase;
			buildActionMask = 2147483647;
			files = (
				B5E1568A1E1DDCE900858C99 /* LaunchScreen.storyboard in Resources */,
				B5E156AE1E1DDD8300858C99 /* GoogleService-Info.plist in Resources */,
				B5E156871E1DDCE900858C99 /* Assets.xcassets in Resources */,
				B5E156851E1DDCE900858C99 /* Main.storyboard in Resources */,
			);
			runOnlyForDeploymentPostprocessing = 0;
		};
		B5E1568E1E1DDCEA00858C99 /* Resources */ = {
			isa = PBXResourcesBuildPhase;
			buildActionMask = 2147483647;
			files = (
			);
			runOnlyForDeploymentPostprocessing = 0;
		};
		B5E156991E1DDCEA00858C99 /* Resources */ = {
			isa = PBXResourcesBuildPhase;
			buildActionMask = 2147483647;
			files = (
			);
			runOnlyForDeploymentPostprocessing = 0;
		};
/* End PBXResourcesBuildPhase section */

/* Begin PBXShellScriptBuildPhase section */
		2EC9BD191A595D8E2D605E61 /* [CP] Embed Pods Frameworks */ = {
			isa = PBXShellScriptBuildPhase;
			buildActionMask = 2147483647;
			files = (
			);
			inputPaths = (
			);
			name = "[CP] Embed Pods Frameworks";
			outputPaths = (
			);
			runOnlyForDeploymentPostprocessing = 0;
			shellPath = /bin/sh;
			shellScript = "\"${SRCROOT}/Pods/Target Support Files/Pods-SmappTests/Pods-SmappTests-frameworks.sh\"\n";
			showEnvVarsInLog = 0;
		};
		3BC2F7CA535A7B9465AFC443 /* [CP] Copy Pods Resources */ = {
			isa = PBXShellScriptBuildPhase;
			buildActionMask = 2147483647;
			files = (
			);
			inputPaths = (
			);
			name = "[CP] Copy Pods Resources";
			outputPaths = (
			);
			runOnlyForDeploymentPostprocessing = 0;
			shellPath = /bin/sh;
			shellScript = "\"${SRCROOT}/Pods/Target Support Files/Pods-SmappUITests/Pods-SmappUITests-resources.sh\"\n";
			showEnvVarsInLog = 0;
		};
		530F7EA92EEBAAEC3CB81A04 /* [CP] Copy Pods Resources */ = {
			isa = PBXShellScriptBuildPhase;
			buildActionMask = 2147483647;
			files = (
			);
			inputPaths = (
			);
			name = "[CP] Copy Pods Resources";
			outputPaths = (
			);
			runOnlyForDeploymentPostprocessing = 0;
			shellPath = /bin/sh;
			shellScript = "\"${SRCROOT}/Pods/Target Support Files/Pods-Smapp/Pods-Smapp-resources.sh\"\n";
			showEnvVarsInLog = 0;
		};
		5DC77B475C86F5B6DCADB635 /* [CP] Check Pods Manifest.lock */ = {
			isa = PBXShellScriptBuildPhase;
			buildActionMask = 2147483647;
			files = (
			);
			inputPaths = (
			);
			name = "[CP] Check Pods Manifest.lock";
			outputPaths = (
			);
			runOnlyForDeploymentPostprocessing = 0;
			shellPath = /bin/sh;
			shellScript = "diff \"${PODS_ROOT}/../Podfile.lock\" \"${PODS_ROOT}/Manifest.lock\" > /dev/null\nif [ $? != 0 ] ; then\n    # print error to STDERR\n    echo \"error: The sandbox is not in sync with the Podfile.lock. Run 'pod install' or update your CocoaPods installation.\" >&2\n    exit 1\nfi\n";
			showEnvVarsInLog = 0;
		};
		5E766293B916664EBE111989 /* [CP] Check Pods Manifest.lock */ = {
			isa = PBXShellScriptBuildPhase;
			buildActionMask = 2147483647;
			files = (
			);
			inputPaths = (
			);
			name = "[CP] Check Pods Manifest.lock";
			outputPaths = (
			);
			runOnlyForDeploymentPostprocessing = 0;
			shellPath = /bin/sh;
			shellScript = "diff \"${PODS_ROOT}/../Podfile.lock\" \"${PODS_ROOT}/Manifest.lock\" > /dev/null\nif [ $? != 0 ] ; then\n    # print error to STDERR\n    echo \"error: The sandbox is not in sync with the Podfile.lock. Run 'pod install' or update your CocoaPods installation.\" >&2\n    exit 1\nfi\n";
			showEnvVarsInLog = 0;
		};
		5F4A3032017121377BFC3E9F /* [CP] Embed Pods Frameworks */ = {
			isa = PBXShellScriptBuildPhase;
			buildActionMask = 2147483647;
			files = (
			);
			inputPaths = (
			);
			name = "[CP] Embed Pods Frameworks";
			outputPaths = (
			);
			runOnlyForDeploymentPostprocessing = 0;
			shellPath = /bin/sh;
			shellScript = "\"${SRCROOT}/Pods/Target Support Files/Pods-Smapp/Pods-Smapp-frameworks.sh\"\n";
			showEnvVarsInLog = 0;
		};
		C453BA625345F7B9E80C7E31 /* [CP] Check Pods Manifest.lock */ = {
			isa = PBXShellScriptBuildPhase;
			buildActionMask = 2147483647;
			files = (
			);
			inputPaths = (
			);
			name = "[CP] Check Pods Manifest.lock";
			outputPaths = (
			);
			runOnlyForDeploymentPostprocessing = 0;
			shellPath = /bin/sh;
			shellScript = "diff \"${PODS_ROOT}/../Podfile.lock\" \"${PODS_ROOT}/Manifest.lock\" > /dev/null\nif [ $? != 0 ] ; then\n    # print error to STDERR\n    echo \"error: The sandbox is not in sync with the Podfile.lock. Run 'pod install' or update your CocoaPods installation.\" >&2\n    exit 1\nfi\n";
			showEnvVarsInLog = 0;
		};
		D3F89BBD4D7378E35988B2B0 /* [CP] Copy Pods Resources */ = {
			isa = PBXShellScriptBuildPhase;
			buildActionMask = 2147483647;
			files = (
			);
			inputPaths = (
			);
			name = "[CP] Copy Pods Resources";
			outputPaths = (
			);
			runOnlyForDeploymentPostprocessing = 0;
			shellPath = /bin/sh;
			shellScript = "\"${SRCROOT}/Pods/Target Support Files/Pods-SmappTests/Pods-SmappTests-resources.sh\"\n";
			showEnvVarsInLog = 0;
		};
		E73FC2C2AEF2883C9966472D /* [CP] Embed Pods Frameworks */ = {
			isa = PBXShellScriptBuildPhase;
			buildActionMask = 2147483647;
			files = (
			);
			inputPaths = (
			);
			name = "[CP] Embed Pods Frameworks";
			outputPaths = (
			);
			runOnlyForDeploymentPostprocessing = 0;
			shellPath = /bin/sh;
			shellScript = "\"${SRCROOT}/Pods/Target Support Files/Pods-SmappUITests/Pods-SmappUITests-frameworks.sh\"\n";
			showEnvVarsInLog = 0;
		};
/* End PBXShellScriptBuildPhase section */

/* Begin PBXSourcesBuildPhase section */
		B5E156781E1DDCE900858C99 /* Sources */ = {
			isa = PBXSourcesBuildPhase;
			buildActionMask = 2147483647;
			files = (
				B53B6D741E1F48730007F521 /* PostViewController.swift in Sources */,
				B5E156B01E1DF66800858C99 /* RegisterViewController.swift in Sources */,
				B5E156821E1DDCE900858C99 /* ViewController.swift in Sources */,
				B5E156801E1DDCE900858C99 /* AppDelegate.swift in Sources */,
			);
			runOnlyForDeploymentPostprocessing = 0;
		};
		B5E1568C1E1DDCEA00858C99 /* Sources */ = {
			isa = PBXSourcesBuildPhase;
			buildActionMask = 2147483647;
			files = (
				B5E156951E1DDCEA00858C99 /* SmappTests.swift in Sources */,
			);
			runOnlyForDeploymentPostprocessing = 0;
		};
		B5E156971E1DDCEA00858C99 /* Sources */ = {
			isa = PBXSourcesBuildPhase;
			buildActionMask = 2147483647;
			files = (
				B5E156A01E1DDCEA00858C99 /* SmappUITests.swift in Sources */,
			);
			runOnlyForDeploymentPostprocessing = 0;
		};
/* End PBXSourcesBuildPhase section */

/* Begin PBXTargetDependency section */
		B5E156921E1DDCEA00858C99 /* PBXTargetDependency */ = {
			isa = PBXTargetDependency;
			target = B5E1567B1E1DDCE900858C99 /* Smapp */;
			targetProxy = B5E156911E1DDCEA00858C99 /* PBXContainerItemProxy */;
		};
		B5E1569D1E1DDCEA00858C99 /* PBXTargetDependency */ = {
			isa = PBXTargetDependency;
			target = B5E1567B1E1DDCE900858C99 /* Smapp */;
			targetProxy = B5E1569C1E1DDCEA00858C99 /* PBXContainerItemProxy */;
		};
/* End PBXTargetDependency section */

/* Begin PBXVariantGroup section */
		B5E156831E1DDCE900858C99 /* Main.storyboard */ = {
			isa = PBXVariantGroup;
			children = (
				B5E156841E1DDCE900858C99 /* Base */,
			);
			name = Main.storyboard;
			sourceTree = "<group>";
		};
		B5E156881E1DDCE900858C99 /* LaunchScreen.storyboard */ = {
			isa = PBXVariantGroup;
			children = (
				B5E156891E1DDCE900858C99 /* Base */,
			);
			name = LaunchScreen.storyboard;
			sourceTree = "<group>";
		};
/* End PBXVariantGroup section */

/* Begin XCBuildConfiguration section */
		B5E156A21E1DDCEA00858C99 /* Debug */ = {
			isa = XCBuildConfiguration;
			buildSettings = {
				ALWAYS_SEARCH_USER_PATHS = NO;
				CLANG_ANALYZER_NONNULL = YES;
				CLANG_CXX_LANGUAGE_STANDARD = "gnu++0x";
				CLANG_CXX_LIBRARY = "libc++";
				CLANG_ENABLE_MODULES = YES;
				CLANG_ENABLE_OBJC_ARC = YES;
				CLANG_WARN_BOOL_CONVERSION = YES;
				CLANG_WARN_CONSTANT_CONVERSION = YES;
				CLANG_WARN_DIRECT_OBJC_ISA_USAGE = YES_ERROR;
				CLANG_WARN_DOCUMENTATION_COMMENTS = YES;
				CLANG_WARN_EMPTY_BODY = YES;
				CLANG_WARN_ENUM_CONVERSION = YES;
				CLANG_WARN_INFINITE_RECURSION = YES;
				CLANG_WARN_INT_CONVERSION = YES;
				CLANG_WARN_OBJC_ROOT_CLASS = YES_ERROR;
				CLANG_WARN_SUSPICIOUS_MOVE = YES;
				CLANG_WARN_UNREACHABLE_CODE = YES;
				CLANG_WARN__DUPLICATE_METHOD_MATCH = YES;
				"CODE_SIGN_IDENTITY[sdk=iphoneos*]" = "iPhone Developer";
				COPY_PHASE_STRIP = NO;
				DEBUG_INFORMATION_FORMAT = dwarf;
				ENABLE_STRICT_OBJC_MSGSEND = YES;
				ENABLE_TESTABILITY = YES;
				GCC_C_LANGUAGE_STANDARD = gnu99;
				GCC_DYNAMIC_NO_PIC = NO;
				GCC_NO_COMMON_BLOCKS = YES;
				GCC_OPTIMIZATION_LEVEL = 0;
				GCC_PREPROCESSOR_DEFINITIONS = (
					"DEBUG=1",
					"$(inherited)",
				);
				GCC_WARN_64_TO_32_BIT_CONVERSION = YES;
				GCC_WARN_ABOUT_RETURN_TYPE = YES_ERROR;
				GCC_WARN_UNDECLARED_SELECTOR = YES;
				GCC_WARN_UNINITIALIZED_AUTOS = YES_AGGRESSIVE;
				GCC_WARN_UNUSED_FUNCTION = YES;
				GCC_WARN_UNUSED_VARIABLE = YES;
				IPHONEOS_DEPLOYMENT_TARGET = 10.2;
				MTL_ENABLE_DEBUG_INFO = YES;
				ONLY_ACTIVE_ARCH = YES;
				SDKROOT = iphoneos;
				SWIFT_ACTIVE_COMPILATION_CONDITIONS = DEBUG;
				SWIFT_OPTIMIZATION_LEVEL = "-Onone";
			};
			name = Debug;
		};
		B5E156A31E1DDCEA00858C99 /* Release */ = {
			isa = XCBuildConfiguration;
			buildSettings = {
				ALWAYS_SEARCH_USER_PATHS = NO;
				CLANG_ANALYZER_NONNULL = YES;
				CLANG_CXX_LANGUAGE_STANDARD = "gnu++0x";
				CLANG_CXX_LIBRARY = "libc++";
				CLANG_ENABLE_MODULES = YES;
				CLANG_ENABLE_OBJC_ARC = YES;
				CLANG_WARN_BOOL_CONVERSION = YES;
				CLANG_WARN_CONSTANT_CONVERSION = YES;
				CLANG_WARN_DIRECT_OBJC_ISA_USAGE = YES_ERROR;
				CLANG_WARN_DOCUMENTATION_COMMENTS = YES;
				CLANG_WARN_EMPTY_BODY = YES;
				CLANG_WARN_ENUM_CONVERSION = YES;
				CLANG_WARN_INFINITE_RECURSION = YES;
				CLANG_WARN_INT_CONVERSION = YES;
				CLANG_WARN_OBJC_ROOT_CLASS = YES_ERROR;
				CLANG_WARN_SUSPICIOUS_MOVE = YES;
				CLANG_WARN_UNREACHABLE_CODE = YES;
				CLANG_WARN__DUPLICATE_METHOD_MATCH = YES;
				"CODE_SIGN_IDENTITY[sdk=iphoneos*]" = "iPhone Developer";
				COPY_PHASE_STRIP = NO;
				DEBUG_INFORMATION_FORMAT = "dwarf-with-dsym";
				ENABLE_NS_ASSERTIONS = NO;
				ENABLE_STRICT_OBJC_MSGSEND = YES;
				GCC_C_LANGUAGE_STANDARD = gnu99;
				GCC_NO_COMMON_BLOCKS = YES;
				GCC_WARN_64_TO_32_BIT_CONVERSION = YES;
				GCC_WARN_ABOUT_RETURN_TYPE = YES_ERROR;
				GCC_WARN_UNDECLARED_SELECTOR = YES;
				GCC_WARN_UNINITIALIZED_AUTOS = YES_AGGRESSIVE;
				GCC_WARN_UNUSED_FUNCTION = YES;
				GCC_WARN_UNUSED_VARIABLE = YES;
				IPHONEOS_DEPLOYMENT_TARGET = 10.2;
				MTL_ENABLE_DEBUG_INFO = NO;
				SDKROOT = iphoneos;
				SWIFT_OPTIMIZATION_LEVEL = "-Owholemodule";
				VALIDATE_PRODUCT = YES;
			};
			name = Release;
		};
		B5E156A51E1DDCEA00858C99 /* Debug */ = {
			isa = XCBuildConfiguration;
			baseConfigurationReference = 876BCC59CBB2E7BFD858D980 /* Pods-Smapp.debug.xcconfig */;
			buildSettings = {
				ASSETCATALOG_COMPILER_APPICON_NAME = AppIcon;
				CODE_SIGN_IDENTITY = "iPhone Developer";
				"CODE_SIGN_IDENTITY[sdk=iphoneos*]" = "iPhone Developer";
				DEVELOPMENT_TEAM = J4X3929H2H;
				INFOPLIST_FILE = Smapp/Info.plist;
				LD_RUNPATH_SEARCH_PATHS = "$(inherited) @executable_path/Frameworks";
				PRODUCT_BUNDLE_IDENTIFIER = moc.kinsem.www.Smapp;
				PRODUCT_NAME = "$(TARGET_NAME)";
				PROVISIONING_PROFILE = "";
				PROVISIONING_PROFILE_SPECIFIER = "";
				SWIFT_VERSION = 3.0;
			};
			name = Debug;
		};
		B5E156A61E1DDCEA00858C99 /* Release */ = {
			isa = XCBuildConfiguration;
			baseConfigurationReference = 4280A5BE52DBEF91D72235FB /* Pods-Smapp.release.xcconfig */;
			buildSettings = {
				ASSETCATALOG_COMPILER_APPICON_NAME = AppIcon;
				CODE_SIGN_IDENTITY = "iPhone Developer";
				"CODE_SIGN_IDENTITY[sdk=iphoneos*]" = "iPhone Developer";
				DEVELOPMENT_TEAM = J4X3929H2H;
				INFOPLIST_FILE = Smapp/Info.plist;
				LD_RUNPATH_SEARCH_PATHS = "$(inherited) @executable_path/Frameworks";
				PRODUCT_BUNDLE_IDENTIFIER = moc.kinsem.www.Smapp;
				PRODUCT_NAME = "$(TARGET_NAME)";
				SWIFT_VERSION = 3.0;
			};
			name = Release;
		};
		B5E156A81E1DDCEA00858C99 /* Debug */ = {
			isa = XCBuildConfiguration;
			baseConfigurationReference = 4DD0A86386BA818AC377AECF /* Pods-SmappTests.debug.xcconfig */;
			buildSettings = {
				ALWAYS_EMBED_SWIFT_STANDARD_LIBRARIES = YES;
				BUNDLE_LOADER = "$(TEST_HOST)";
				INFOPLIST_FILE = SmappTests/Info.plist;
				LD_RUNPATH_SEARCH_PATHS = "$(inherited) @executable_path/Frameworks @loader_path/Frameworks";
				PRODUCT_BUNDLE_IDENTIFIER = moc.kinsem.www.SmappTests;
				PRODUCT_NAME = "$(TARGET_NAME)";
				SWIFT_VERSION = 3.0;
				TEST_HOST = "$(BUILT_PRODUCTS_DIR)/Smapp.app/Smapp";
			};
			name = Debug;
		};
		B5E156A91E1DDCEA00858C99 /* Release */ = {
			isa = XCBuildConfiguration;
			baseConfigurationReference = 2C67D391BBEC4CA8BEC6AA37 /* Pods-SmappTests.release.xcconfig */;
			buildSettings = {
				ALWAYS_EMBED_SWIFT_STANDARD_LIBRARIES = YES;
				BUNDLE_LOADER = "$(TEST_HOST)";
				INFOPLIST_FILE = SmappTests/Info.plist;
				LD_RUNPATH_SEARCH_PATHS = "$(inherited) @executable_path/Frameworks @loader_path/Frameworks";
				PRODUCT_BUNDLE_IDENTIFIER = moc.kinsem.www.SmappTests;
				PRODUCT_NAME = "$(TARGET_NAME)";
				SWIFT_VERSION = 3.0;
				TEST_HOST = "$(BUILT_PRODUCTS_DIR)/Smapp.app/Smapp";
			};
			name = Release;
		};
		B5E156AB1E1DDCEA00858C99 /* Debug */ = {
			isa = XCBuildConfiguration;
			baseConfigurationReference = 4FBAA4DD7FFE4320817D3F04 /* Pods-SmappUITests.debug.xcconfig */;
			buildSettings = {
				ALWAYS_EMBED_SWIFT_STANDARD_LIBRARIES = YES;
				INFOPLIST_FILE = SmappUITests/Info.plist;
				LD_RUNPATH_SEARCH_PATHS = "$(inherited) @executable_path/Frameworks @loader_path/Frameworks";
				PRODUCT_BUNDLE_IDENTIFIER = moc.kinsem.www.SmappUITests;
				PRODUCT_NAME = "$(TARGET_NAME)";
				SWIFT_VERSION = 3.0;
				TEST_TARGET_NAME = Smapp;
			};
			name = Debug;
		};
		B5E156AC1E1DDCEA00858C99 /* Release */ = {
			isa = XCBuildConfiguration;
			baseConfigurationReference = ECBB16334E3AB83FB5462AC2 /* Pods-SmappUITests.release.xcconfig */;
			buildSettings = {
				ALWAYS_EMBED_SWIFT_STANDARD_LIBRARIES = YES;
				INFOPLIST_FILE = SmappUITests/Info.plist;
				LD_RUNPATH_SEARCH_PATHS = "$(inherited) @executable_path/Frameworks @loader_path/Frameworks";
				PRODUCT_BUNDLE_IDENTIFIER = moc.kinsem.www.SmappUITests;
				PRODUCT_NAME = "$(TARGET_NAME)";
				SWIFT_VERSION = 3.0;
				TEST_TARGET_NAME = Smapp;
			};
			name = Release;
		};
/* End XCBuildConfiguration section */

/* Begin XCConfigurationList section */
		B5E156771E1DDCE800858C99 /* Build configuration list for PBXProject "Smapp" */ = {
			isa = XCConfigurationList;
			buildConfigurations = (
				B5E156A21E1DDCEA00858C99 /* Debug */,
				B5E156A31E1DDCEA00858C99 /* Release */,
			);
			defaultConfigurationIsVisible = 0;
			defaultConfigurationName = Release;
		};
		B5E156A41E1DDCEA00858C99 /* Build configuration list for PBXNativeTarget "Smapp" */ = {
			isa = XCConfigurationList;
			buildConfigurations = (
				B5E156A51E1DDCEA00858C99 /* Debug */,
				B5E156A61E1DDCEA00858C99 /* Release */,
			);
			defaultConfigurationIsVisible = 0;
			defaultConfigurationName = Release;
		};
		B5E156A71E1DDCEA00858C99 /* Build configuration list for PBXNativeTarget "SmappTests" */ = {
			isa = XCConfigurationList;
			buildConfigurations = (
				B5E156A81E1DDCEA00858C99 /* Debug */,
				B5E156A91E1DDCEA00858C99 /* Release */,
			);
			defaultConfigurationIsVisible = 0;
			defaultConfigurationName = Release;
		};
		B5E156AA1E1DDCEA00858C99 /* Build configuration list for PBXNativeTarget "SmappUITests" */ = {
			isa = XCConfigurationList;
			buildConfigurations = (
				B5E156AB1E1DDCEA00858C99 /* Debug */,
				B5E156AC1E1DDCEA00858C99 /* Release */,
			);
			defaultConfigurationIsVisible = 0;
			defaultConfigurationName = Release;
		};
/* End XCConfigurationList section */
	};
	rootObject = B5E156741E1DDCE800858C99 /* Project object */;
}
